# Generated by pub
# See https://dart.dev/tools/pub/glossary#lockfile
packages:
  _fe_analyzer_shared:
    dependency: transitive
    description:
      name: _fe_analyzer_shared
      sha256: "09d49759685f577cd71ec1fcf773afa3377e23d3a9137154a1a1d28dd5aaabd8"
      url: "https://pub.dev"
    source: hosted
    version: "25.0.0"
  analyzer:
    dependency: "direct main"
    description:
      name: analyzer
      sha256: "21b3e7ffb8505789ecea7794480060b8e66dfa287dfa8923ff3735aadeb9cf29"
      url: "https://pub.dev"
    source: hosted
    version: "2.2.0"
  args:
    dependency: transitive
    description:
      name: args
      sha256: ad180a697bf97dd54ab519a4665c57683bf4f70649a18671cea661cf0397c055
      url: "https://pub.dev"
    source: hosted
    version: "2.1.0"
  async:
    dependency: transitive
    description:
      name: async
      sha256: "6eda8392a48ae1de7ea438c91a4ba3e77205f043e7013102a424863aa6db368f"
      url: "https://pub.dev"
    source: hosted
    version: "2.5.0"
  boolean_selector:
    dependency: transitive
    description:
      name: boolean_selector
      sha256: "5bbf32bc9e518d41ec49718e2931cd4527292c9b0c6d2dffcf7fe6b9a8a8cf72"
      url: "https://pub.dev"
    source: hosted
    version: "2.1.0"
  build:
    dependency: "direct main"
    description:
      name: build
      sha256: ad0a562140603cf3dd77f0bdd068ffc11588661e3de7ba53c803e72382a1b3a2
      url: "https://pub.dev"
    source: hosted
    version: "2.1.0"
  build_config:
    dependency: "direct main"
    description:
      name: build_config
      sha256: ad77deb6e9c143a3f550fbb4c5c1e0c6aadabe24274898d06b9526c61b9cf4fb
      url: "https://pub.dev"
    source: hosted
    version: "1.0.0"
  build_resolvers:
    dependency: transitive
    description:
      name: build_resolvers
      sha256: a171129ff393d360a5ec9ba3a2277e0d7e713027709f08196e8192688b537074
      url: "https://pub.dev"
    source: hosted
    version: "2.0.4"
  build_test:
    dependency: "direct dev"
    description:
      name: build_test
      sha256: "9cc3a6fa54e1ef225f70c06df1debff0688656b95c11b67f3b589578b419b67d"
      url: "https://pub.dev"
    source: hosted
    version: "2.1.3"
  built_collection:
    dependency: transitive
    description:
      name: built_collection
      sha256: f5a2a975d3da1ca46579d2f173bea1c766f0044cff40889c8df8009bf6ea0d0c
      url: "https://pub.dev"
    source: hosted
    version: "5.0.0"
  built_value:
    dependency: transitive
    description:
      name: built_value
      sha256: "89dea36ea5480795cd8f3dd39d116f754fe39176fdf4d05984619cd6c3857735"
      url: "https://pub.dev"
    source: hosted
    version: "8.0.5"
  characters:
    dependency: transitive
    description:
      name: characters
      sha256: "9a462645329872f11cf4709edf4ae7b092bf60d3d6b6a072a39ab18311e04bb7"
      url: "https://pub.dev"
    source: hosted
    version: "1.1.0"
  charcode:
    dependency: transitive
    description:
      name: charcode
      sha256: "8e36feea6de5ea69f2199f29cf42a450a855738c498b57c0b980e2d3cca9c362"
      url: "https://pub.dev"
    source: hosted
    version: "1.2.0"
  checked_yaml:
    dependency: transitive
    description:
      name: checked_yaml
      sha256: dd007e4fb8270916820a0d66e24f619266b60773cddd082c6439341645af2659
      url: "https://pub.dev"
    source: hosted
    version: "2.0.1"
  cli_util:
    dependency: transitive
    description:
      name: cli_util
      sha256: cf1c02840bbbcf8fcd13feb5933c62d643cc58ddf4f6088707cf48d1892cbc5d
      url: "https://pub.dev"
    source: hosted
    version: "0.3.0"
  code_builder:
    dependency: "direct main"
    description:
      name: code_builder
      sha256: bdb1ab29be158c4784d7f9b7b693745a0719c5899e31c01112782bb1cb871e80
      url: "https://pub.dev"
    source: hosted
    version: "4.1.0"
  collection:
    dependency: "direct main"
    description:
      name: collection
      sha256: "6d4193120997ecfd09acf0e313f13dc122b119e5eca87ef57a7d065ec9183762"
      url: "https://pub.dev"
    source: hosted
    version: "1.15.0"
  convert:
    dependency: transitive
    description:
      name: convert
      sha256: df567b950053d83b4dba3e8c5799c411895d146f82b2147114b666a4fd9a80dd
      url: "https://pub.dev"
    source: hosted
    version: "3.0.0"
  coverage:
    dependency: transitive
    description:
      name: coverage
      sha256: "2890d8a09829de2cc3ead1407960549e4eb3c4e48c8fb837bfa5c68398496489"
      url: "https://pub.dev"
    source: hosted
    version: "1.0.2"
  crypto:
    dependency: transitive
    description:
      name: crypto
      sha256: cf75650c66c0316274e21d7c43d3dea246273af5955bd94e8184837cd577575c
      url: "https://pub.dev"
    source: hosted
    version: "3.0.1"
  csslib:
    dependency: transitive
    description:
      name: csslib
      sha256: f857285c8dc0b4f2f77b49a1c083ff8c75223a7549de20f3e607df58cf497a43
      url: "https://pub.dev"
    source: hosted
    version: "0.17.0"
  dart_style:
    dependency: "direct dev"
    description:
      name: dart_style
      sha256: "4237f3f70a6b544cb31c9e90488ea7e61e1e50d72fe83ec34e8b2833698f7201"
      url: "https://pub.dev"
    source: hosted
    version: "2.1.0"
  file:
    dependency: transitive
    description:
      name: file
      sha256: "9fd2163d866769f60f4df8ac1dc59f52498d810c356fe78022e383dd3c57c0e1"
      url: "https://pub.dev"
    source: hosted
    version: "6.1.0"
  fixnum:
    dependency: transitive
    description:
      name: fixnum
      sha256: "6a2ef17156f4dc49684f9d99aaf4a93aba8ac49f5eac861755f5730ddf6e2e4e"
      url: "https://pub.dev"
    source: hosted
    version: "1.0.0"
  floor_annotation:
    dependency: "direct main"
    description:
      path: "../floor_annotation"
      relative: true
    source: path
    version: "1.0.1"
  frontend_server_client:
    dependency: transitive
    description:
      name: frontend_server_client
      sha256: "6d2930621b9377f6a4b7d260fce525d48dd77a334f0d5d4177d07b0dcb76c032"
      url: "https://pub.dev"
    source: hosted
    version: "2.1.2"
  glob:
    dependency: transitive
    description:
      name: glob
      sha256: dda85ce2aefce16f7e75586acbcb1e8320bf176f69fd94082e31945d6de67f3e
      url: "https://pub.dev"
    source: hosted
    version: "2.0.1"
  graphs:
    dependency: transitive
    description:
      name: graphs
      sha256: e07b56af3885387b0cbf6502d4ec17149189559de61256b97e195539afd1da0c
      url: "https://pub.dev"
    source: hosted
    version: "2.0.0"
  html:
    dependency: transitive
    description:
      name: html
      sha256: bfef906cbd4e78ef49ae511d9074aebd1d2251482ef601a280973e8b58b51bbf
      url: "https://pub.dev"
    source: hosted
    version: "0.15.0"
  http_multi_server:
    dependency: transitive
    description:
      name: http_multi_server
      sha256: bfb651625e251a88804ad6d596af01ea903544757906addcb2dcdf088b5ea185
      url: "https://pub.dev"
    source: hosted
    version: "3.0.1"
  http_parser:
    dependency: transitive
    description:
      name: http_parser
      sha256: e362d639ba3bc07d5a71faebb98cde68c05bfbcfbbb444b60b6f60bb67719185
      url: "https://pub.dev"
    source: hosted
    version: "4.0.0"
  io:
    dependency: transitive
    description:
      name: io
      sha256: "15a5436d2a02dc60e6dc2fb5d7dfaac08b7b137cff3d4bf3158d38ecab656b69"
      url: "https://pub.dev"
    source: hosted
    version: "1.0.0"
  js:
    dependency: transitive
    description:
      name: js
      sha256: d9bdfd70d828eeb352390f81b18d6a354ef2044aa28ef25682079797fa7cd174
      url: "https://pub.dev"
    source: hosted
    version: "0.6.3"
  json_annotation:
    dependency: transitive
    description:
      name: json_annotation
      sha256: fd56fb29e3f02cd9bef80e99e9491d27889fb010f98ff3379b21e7d40d0112b3
      url: "https://pub.dev"
    source: hosted
    version: "4.0.1"
  lists:
    dependency: transitive
    description:
      name: lists
      sha256: "15b788c949b642caf6ccc14ec07751318dc814fae802a7ca11e285a1920f4e10"
      url: "https://pub.dev"
    source: hosted
    version: "1.0.0"
  logging:
    dependency: transitive
    description:
      name: logging
      sha256: "0520a4826042a8a5d09ddd4755623a50d37ee536d79a70452aff8c8ad7bb6c27"
      url: "https://pub.dev"
    source: hosted
    version: "1.0.1"
  matcher:
    dependency: transitive
    description:
      name: matcher
      sha256: "2e2c34e631f93410daa3ee3410250eadc77ac6befc02a040eda8a123f34e6f5a"
      url: "https://pub.dev"
    source: hosted
    version: "0.12.11"
  meta:
    dependency: "direct main"
    description:
      name: meta
      sha256: "5202fdd37b4da5fd14a237ed0a01cad6c1efd4c99b5b5a0d3c9237f3728c9485"
      url: "https://pub.dev"
    source: hosted
    version: "1.7.0"
  mime:
    dependency: transitive
    description:
      name: mime
      sha256: a7a98ea7f366e2cc9d2b20873815aebec5e2bc124fe0da9d3f7f59b0625ea180
      url: "https://pub.dev"
    source: hosted
    version: "1.0.0"
  node_preamble:
    dependency: transitive
    description:
      name: node_preamble
      sha256: c133f761a6a790d0b000efa4f74eae9700bb6e9e9f5e996f0e8d6fe92703ced6
      url: "https://pub.dev"
    source: hosted
    version: "2.0.0"
  package_config:
    dependency: transitive
    description:
      name: package_config
      sha256: "20e7154d701fedaeb219dad732815ecb66677667871127998a9a6581c2aba4ba"
      url: "https://pub.dev"
    source: hosted
    version: "2.0.0"
  path:
    dependency: "direct dev"
    description:
      name: path
      sha256: "2ad4cddff7f5cc0e2d13069f2a3f7a73ca18f66abd6f5ecf215219cdb3638edb"
      url: "https://pub.dev"
    source: hosted
    version: "1.8.0"
  pedantic:
    dependency: transitive
    description:
      name: pedantic
      sha256: "8f6460c77a98ad2807cd3b98c67096db4286f56166852d0ce5951bb600a63594"
      url: "https://pub.dev"
    source: hosted
    version: "1.11.0"
  pool:
    dependency: transitive
    description:
      name: pool
      sha256: "05955e3de2683e1746222efd14b775df7131139e07695dc8e24650f6b4204504"
      url: "https://pub.dev"
    source: hosted
    version: "1.5.0"
  pub_semver:
    dependency: transitive
    description:
      name: pub_semver
      sha256: "59ed538734419e81f7fc18c98249ae72c3c7188bdd9dceff2840585227f79843"
      url: "https://pub.dev"
    source: hosted
    version: "2.0.0"
  pubspec_parse:
    dependency: transitive
    description:
      name: pubspec_parse
      sha256: "358c5ce09744e0e08b3f5f38c53d7d26a8219dd641718f8500f49cfa56240358"
      url: "https://pub.dev"
    source: hosted
    version: "1.0.0"
  shelf:
    dependency: transitive
    description:
      name: shelf
      sha256: c2f658d28ec86857657dec3579e2db4dc5a6c477b6aecde870e77f0682258901
      url: "https://pub.dev"
    source: hosted
    version: "1.1.0"
  shelf_packages_handler:
    dependency: transitive
    description:
      name: shelf_packages_handler
      sha256: e0b44ebddec91e70a713e13adf93c1b2100821303b86a18e1ef1d082bd8bd9b8
      url: "https://pub.dev"
    source: hosted
    version: "3.0.0"
  shelf_static:
    dependency: transitive
    description:
      name: shelf_static
      sha256: "8584c0aa0f5756a61519b1a2fc2cd22ddbc518e9396bd33ebf06b9836bb23d13"
      url: "https://pub.dev"
    source: hosted
    version: "1.0.0"
  shelf_web_socket:
    dependency: transitive
    description:
      name: shelf_web_socket
      sha256: fd84910bf7d58db109082edf7326b75322b8f186162028482f53dc892f00332d
      url: "https://pub.dev"
    source: hosted
    version: "1.0.1"
  source_gen:
    dependency: "direct main"
    description:
      name: source_gen
      sha256: f6f2e0bd328c2ae57037a396c66248abe882f07440c5f41bb5e11e02977f8578
      url: "https://pub.dev"
    source: hosted
    version: "1.1.0"
  source_map_stack_trace:
    dependency: transitive
    description:
      name: source_map_stack_trace
      sha256: "8c463326277f68a628abab20580047b419c2ff66756fd0affd451f73f9508c11"
      url: "https://pub.dev"
    source: hosted
    version: "2.1.0"
  source_maps:
    dependency: transitive
    description:
      name: source_maps
      sha256: "52de2200bb098de739794c82d09c41ac27b2e42fd7e23cce7b9c74bf653c7296"
      url: "https://pub.dev"
    source: hosted
    version: "0.10.10"
  source_span:
    dependency: transitive
    description:
      name: source_span
      sha256: d5f89a9e52b36240a80282b3dc0667dd36e53459717bb17b8fb102d30496606a
      url: "https://pub.dev"
    source: hosted
    version: "1.8.1"
  stack_trace:
    dependency: transitive
    description:
      name: stack_trace
      sha256: f8d9f247e2f9f90e32d1495ff32dac7e4ae34ffa7194c5ff8fcc0fd0e52df774
      url: "https://pub.dev"
    source: hosted
    version: "1.10.0"
  stream_channel:
    dependency: transitive
    description:
      name: stream_channel
      sha256: db47e4797198ee601990820437179bb90219f918962318d494ada2b4b11e6f6d
      url: "https://pub.dev"
    source: hosted
    version: "2.1.0"
  stream_transform:
    dependency: transitive
    description:
      name: stream_transform
      sha256: ed464977cb26a1f41537e177e190c67223dbd9f4f683489b6ab2e5d211ec564e
      url: "https://pub.dev"
    source: hosted
    version: "2.0.0"
  string_scanner:
    dependency: transitive
    description:
      name: string_scanner
      sha256: dd11571b8a03f7cadcf91ec26a77e02bfbd6bbba2a512924d3116646b4198fc4
      url: "https://pub.dev"
    source: hosted
    version: "1.1.0"
  strings:
    dependency: "direct main"
    description:
      name: strings
      sha256: "5ba70ef2845f87438b4d038677b34822acfd9f3a70b7c339762acbb58d0c1fe0"
      url: "https://pub.dev"
    source: hosted
    version: "0.2.1"
  term_glyph:
    dependency: transitive
    description:
      name: term_glyph
      sha256: a88162591b02c1f3a3db3af8ce1ea2b374bd75a7bb8d5e353bcfbdc79d719830
      url: "https://pub.dev"
    source: hosted
    version: "1.2.0"
  test:
    dependency: "direct dev"
    description:
      name: test
      sha256: d8df85e0659006d6dd09dd5d1d4bf81848d34fbe5b1fdd2b2a90e690aaa8195e
      url: "https://pub.dev"
    source: hosted
    version: "1.17.12"
  test_api:
    dependency: transitive
    description:
      name: test_api
      sha256: "3c3c3eb64242eec8aeb7a7e530cd541737a84bb01fc08b363b429aaa4a91060d"
      url: "https://pub.dev"
    source: hosted
    version: "0.4.3"
  test_core:
    dependency: transitive
    description:
      name: test_core
      sha256: f269e59fdd3abd14d6d92d3da9a03f69e931e9dd9140d6f06f94fc2204584741
      url: "https://pub.dev"
    source: hosted
    version: "0.4.2"
  test_cov:
    dependency: "direct dev"
    description:
      name: test_cov
      sha256: cb2506e782a7e2dde427c6d46dbac221efb9e37f9191bc57e473b89f7756d68f
      url: "https://pub.dev"
    source: hosted
    version: "1.0.1"
  typed_data:
    dependency: transitive
    description:
      name: typed_data
      sha256: "53bdf7e979cfbf3e28987552fd72f637e63f3c8724c9e56d9246942dc2fa36ee"
      url: "https://pub.dev"
    source: hosted
    version: "1.3.0"
  unicode:
    dependency: transitive
    description:
      name: unicode
      sha256: "0c90cf0f633aab2d2e3f53e2a61979abe667c30543aa7a9b9b09d4a52cc39fa7"
      url: "https://pub.dev"
    source: hosted
    version: "0.3.0"
  vm_service:
    dependency: transitive
    description:
      name: vm_service
      sha256: "422eda09e2a50eb27fe9eca2c897d624cea7fa432a8442e1ea1a10d50a4321ab"
      url: "https://pub.dev"
    source: hosted
    version: "6.2.0"
  watcher:
    dependency: transitive
    description:
      name: watcher
      sha256: "68173f2fa67d241323a4123be7ed4e43424c54befa5505d71c8ad4b7baf8f71d"
      url: "https://pub.dev"
    source: hosted
    version: "1.0.0"
  web_socket_channel:
    dependency: transitive
    description:
      name: web_socket_channel
      sha256: "500e6014efebd305a30ebf1c6006d13faa82dcd85c7a2a7793679a64ed69ec48"
      url: "https://pub.dev"
    source: hosted
    version: "2.0.0"
  webkit_inspection_protocol:
    dependency: transitive
    description:
      name: webkit_inspection_protocol
      sha256: "5adb6ab8ed14e22bb907aae7338f0c206ea21e7a27004e97664b16c120306f00"
      url: "https://pub.dev"
    source: hosted
    version: "1.0.0"
  yaml:
    dependency: transitive
    description:
      name: yaml
      sha256: "3cee79b1715110341012d27756d9bae38e650588acd38d3f3c610822e1337ace"
      url: "https://pub.dev"
    source: hosted
    version: "3.1.0"
sdks:
  dart: ">=2.12.0 <4.0.0"
