# Generated by pub
# See https://dart.dev/tools/pub/glossary#lockfile
packages:
  collection:
    dependency: transitive
    description:
      name: collection
      sha256: "6d4193120997ecfd09acf0e313f13dc122b119e5eca87ef57a7d065ec9183762"
      url: "https://pub.dev"
    source: hosted
    version: "1.15.0"
  ffi:
    dependency: transitive
    description:
      name: ffi
      sha256: d97fffd9d86f3dccc7a9059128b468a99320c69007cc9d41a3a1bda07d4e86dc
      url: "https://pub.dev"
    source: hosted
    version: "1.0.0"
  floor_annotation:
    dependency: "direct main"
    description:
      path: "../floor_annotation"
      relative: true
    source: path
    version: "1.0.1"
  floor_common:
    dependency: "direct main"
    description:
      path: "../floor_common"
      relative: true
    source: path
    version: "1.2.0"
  meta:
    dependency: "direct main"
    description:
      name: meta
      sha256: "5202fdd37b4da5fd14a237ed0a01cad6c1efd4c99b5b5a0d3c9237f3728c9485"
      url: "https://pub.dev"
    source: hosted
    version: "1.7.0"
  path:
    dependency: "direct main"
    description:
      name: path
      sha256: "2ad4cddff7f5cc0e2d13069f2a3f7a73ca18f66abd6f5ecf215219cdb3638edb"
      url: "https://pub.dev"
    source: hosted
    version: "1.8.0"
  sqflite_common:
    dependency: transitive
    description:
      name: sqflite_common
      sha256: "75e99c238f22152669c39e02a3cdcf78515d11856a8a78e0136452943404d9bd"
      url: "https://pub.dev"
    source: hosted
    version: "2.0.1+1"
  sqflite_common_ffi:
    dependency: "direct main"
    description:
      name: sqflite_common_ffi
      sha256: "29566b30e9bc81731e02dcf314437d9d9af8326f1a9f485cf8b510092287b75f"
      url: "https://pub.dev"
    source: hosted
    version: "2.0.0+3"
  sqlite3:
    dependency: transitive
    description:
      name: sqlite3
      sha256: e41c802d493ab234cb4d1c8c51f8542f77192038a6f373b886346bad00ba4b84
      url: "https://pub.dev"
    source: hosted
    version: "1.0.0"
  synchronized:
    dependency: transitive
    description:
      name: synchronized
      sha256: "271977ff1e9e82ceefb4f08424b8839f577c1852e0726b5ce855311b46d3ef83"
      url: "https://pub.dev"
    source: hosted
    version: "3.0.0"
sdks:
  dart: ">=2.12.0 <4.0.0"
